
Microsoft Visual Studio Solution File, Format Version 12.00
# Visual Studio Version 16
VisualStudioVersion = 16.0.29519.181
MinimumVisualStudioVersion = 10.0.40219.1
Project("{2150E333-8FDC-42A3-9474-1A3956D46DE8}") = "src", "src", "{C80A325F-F4C4-4C7B-A3CF-FB77CD8C9949}"
EndProject
Project("{2150E333-8FDC-42A3-9474-1A3956D46DE8}") = "test", "test", "{A239BFB0-9BA7-467C-AD41-405D0740633F}"
EndProject
Project("{9A19103F-16F7-4668-BE54-9A1E7A4F7556}") = "OrchardCoreContrib.Modules.Web", "src\OrchardCoreContrib.Modules.Web\OrchardCoreContrib.Modules.Web.csproj", "{C570438A-0676-4FD4-B0F3-C72B907F32DA}"
EndProject
Project("{9A19103F-16F7-4668-BE54-9A1E7A4F7556}") = "OrchardCoreContrib.Modules.Tests", "test\OrchardCoreContrib.Modules.Tests\OrchardCoreContrib.Modules.Tests.csproj", "{C980A51C-3324-44B2-ADE8-D71D56BB4230}"
EndProject
Project("{9A19103F-16F7-4668-BE54-9A1E7A4F7556}") = "OrchardCoreContrib.Email.Hotmail", "src\OrchardCoreContrib.Email.Hotmail\OrchardCoreContrib.Email.Hotmail.csproj", "{505B6516-5ED0-4186-821D-FAB5FABE97F0}"
EndProject
Global
	GlobalSection(SolutionConfigurationPlatforms) = preSolution
		Debug|Any CPU = Debug|Any CPU
		Release|Any CPU = Release|Any CPU
	EndGlobalSection
	GlobalSection(ProjectConfigurationPlatforms) = postSolution
		{C570438A-0676-4FD4-B0F3-C72B907F32DA}.Debug|Any CPU.ActiveCfg = Debug|Any CPU
		{C570438A-0676-4FD4-B0F3-C72B907F32DA}.Debug|Any CPU.Build.0 = Debug|Any CPU
		{C570438A-0676-4FD4-B0F3-C72B907F32DA}.Release|Any CPU.ActiveCfg = Release|Any CPU
		{C570438A-0676-4FD4-B0F3-C72B907F32DA}.Release|Any CPU.Build.0 = Release|Any CPU
		{C980A51C-3324-44B2-ADE8-D71D56BB4230}.Debug|Any CPU.ActiveCfg = Debug|Any CPU
		{C980A51C-3324-44B2-ADE8-D71D56BB4230}.Debug|Any CPU.Build.0 = Debug|Any CPU
		{C980A51C-3324-44B2-ADE8-D71D56BB4230}.Release|Any CPU.ActiveCfg = Release|Any CPU
		{C980A51C-3324-44B2-ADE8-D71D56BB4230}.Release|Any CPU.Build.0 = Release|Any CPU
		{505B6516-5ED0-4186-821D-FAB5FABE97F0}.Debug|Any CPU.ActiveCfg = Debug|Any CPU
		{505B6516-5ED0-4186-821D-FAB5FABE97F0}.Debug|Any CPU.Build.0 = Debug|Any CPU
		{505B6516-5ED0-4186-821D-FAB5FABE97F0}.Release|Any CPU.ActiveCfg = Release|Any CPU
		{505B6516-5ED0-4186-821D-FAB5FABE97F0}.Release|Any CPU.Build.0 = Release|Any CPU
	EndGlobalSection
	GlobalSection(SolutionProperties) = preSolution
		HideSolutionNode = FALSE
	EndGlobalSection
	GlobalSection(NestedProjects) = preSolution
		{C570438A-0676-4FD4-B0F3-C72B907F32DA} = {C80A325F-F4C4-4C7B-A3CF-FB77CD8C9949}
		{C980A51C-3324-44B2-ADE8-D71D56BB4230} = {A239BFB0-9BA7-467C-AD41-405D0740633F}
		{505B6516-5ED0-4186-821D-FAB5FABE97F0} = {C80A325F-F4C4-4C7B-A3CF-FB77CD8C9949}
	EndGlobalSection
	GlobalSection(ExtensibilityGlobals) = postSolution
		SolutionGuid = {48F73B05-7D3D-4ACF-81AE-A98B2B4EFDB2}
	EndGlobalSection
EndGlobal
