
Microsoft Visual Studio Solution File, Format Version 12.00
# Visual Studio Version 17
VisualStudioVersion = 17.0.31912.275
MinimumVisualStudioVersion = 10.0.40219.1
Project("{2150E333-8FDC-42A3-9474-1A3956D46DE8}") = "src", "src", "{C80A325F-F4C4-4C7B-A3CF-FB77CD8C9949}"
EndProject
Project("{2150E333-8FDC-42A3-9474-1A3956D46DE8}") = "test", "test", "{A239BFB0-9BA7-467C-AD41-405D0740633F}"
EndProject
Project("{9A19103F-16F7-4668-BE54-9A1E7A4F7556}") = "OrchardCoreContrib.Modules.Web", "src\OrchardCoreContrib.Modules.Web\OrchardCoreContrib.Modules.Web.csproj", "{C570438A-0676-4FD4-B0F3-C72B907F32DA}"
EndProject
Project("{9A19103F-16F7-4668-BE54-9A1E7A4F7556}") = "OrchardCoreContrib.Modules.Tests", "test\OrchardCoreContrib.Modules.Tests\OrchardCoreContrib.Modules.Tests.csproj", "{C980A51C-3324-44B2-ADE8-D71D56BB4230}"
EndProject
Project("{9A19103F-16F7-4668-BE54-9A1E7A4F7556}") = "OrchardCoreContrib.Users", "src\OrchardCoreContrib.Users\OrchardCoreContrib.Users.csproj", "{A1784F02-589D-41E2-9E51-186D14C596D6}"
EndProject
Project("{9A19103F-16F7-4668-BE54-9A1E7A4F7556}") = "OrchardCoreContrib.Email.Hotmail", "src\OrchardCoreContrib.Email.Hotmail\OrchardCoreContrib.Email.Hotmail.csproj", "{505B6516-5ED0-4186-821D-FAB5FABE97F0}"
EndProject
Project("{9A19103F-16F7-4668-BE54-9A1E7A4F7556}") = "OrchardCoreContrib.Email.Yahoo", "src\OrchardCoreContrib.Email.Yahoo\OrchardCoreContrib.Email.Yahoo.csproj", "{A58C4CC2-B080-45D8-9236-52DA9E5C6E3E}"
EndProject
Project("{9A19103F-16F7-4668-BE54-9A1E7A4F7556}") = "OrchardCoreContrib.Email.Gmail", "src\OrchardCoreContrib.Email.Gmail\OrchardCoreContrib.Email.Gmail.csproj", "{C5788C0C-8075-48FA-A606-2FB427F08947}"
EndProject
Project("{9A19103F-16F7-4668-BE54-9A1E7A4F7556}") = "OrchardCoreContrib.Gdpr", "src\OrchardCoreContrib.Gdpr\OrchardCoreContrib.Gdpr.csproj", "{A9948471-9E64-49AF-BAE4-ABF60291E6F4}"
EndProject
Project("{9A19103F-16F7-4668-BE54-9A1E7A4F7556}") = "OrchardCoreContrib.Email.SendGrid", "src\OrchardCoreContrib.Email.SendGrid\OrchardCoreContrib.Email.SendGrid.csproj", "{27C64A57-7593-44B8-BA8C-D8B5A2748D36}"
EndProject
Project("{9A19103F-16F7-4668-BE54-9A1E7A4F7556}") = "OrchardCoreContrib.ContentPreview", "src\OrchardCoreContrib.ContentPreview\OrchardCoreContrib.ContentPreview.csproj", "{B8485827-F823-4030-93D7-A252EC8835BF}"
EndProject
Project("{9A19103F-16F7-4668-BE54-9A1E7A4F7556}") = "OrchardCoreContrib.Apis.Swagger", "src\OrchardCoreContrib.Apis.Swagger\OrchardCoreContrib.Apis.Swagger.csproj", "{7A75848C-EB85-4514-8717-36D70852CF49}"
EndProject
Project("{9A19103F-16F7-4668-BE54-9A1E7A4F7556}") = "OrchardCoreContrib.Diagnostics.Elm", "src\OrchardCoreContrib.Diagnostics.Elm\OrchardCoreContrib.Diagnostics.Elm.csproj", "{D422A445-3860-4F58-8FFE-3A9EFA8D6B06}"
EndProject
Project("{9A19103F-16F7-4668-BE54-9A1E7A4F7556}") = "OrchardCoreContrib.DataLocalization", "src\OrchardCoreContrib.DataLocalization\OrchardCoreContrib.DataLocalization.csproj", "{F72E675A-6084-476B-8B38-5419877E256E}"
EndProject
Project("{9A19103F-16F7-4668-BE54-9A1E7A4F7556}") = "OrchardCoreContrib.Html", "src\OrchardCoreContrib.Html\OrchardCoreContrib.Html.csproj", "{1591CBCD-5BA1-4D6D-8202-CB19473CE57C}"
EndProject
Project("{FAE04EC0-301F-11D3-BF4B-00C04F79EFBC}") = "OrchardCoreContrib.ContentLocalization", "src\OrchardCoreContrib.ContentLocalization\OrchardCoreContrib.ContentLocalization.csproj", "{7FB305D4-E3A7-4C7D-923A-80208B1442AF}"
EndProject
Project("{FAE04EC0-301F-11D3-BF4B-00C04F79EFBC}") = "OrchardCoreContrib.GoogleMaps", "src\OrchardCoreContrib.GoogleMaps\OrchardCoreContrib.GoogleMaps.csproj", "{B024D62D-F553-47E4-97AB-49BD8366105E}"
EndProject
Global
	GlobalSection(SolutionConfigurationPlatforms) = preSolution
		Debug|Any CPU = Debug|Any CPU
		Release|Any CPU = Release|Any CPU
	EndGlobalSection
	GlobalSection(ProjectConfigurationPlatforms) = postSolution
		{C570438A-0676-4FD4-B0F3-C72B907F32DA}.Debug|Any CPU.ActiveCfg = Debug|Any CPU
		{C570438A-0676-4FD4-B0F3-C72B907F32DA}.Debug|Any CPU.Build.0 = Debug|Any CPU
		{C570438A-0676-4FD4-B0F3-C72B907F32DA}.Release|Any CPU.ActiveCfg = Release|Any CPU
		{C570438A-0676-4FD4-B0F3-C72B907F32DA}.Release|Any CPU.Build.0 = Release|Any CPU
		{C980A51C-3324-44B2-ADE8-D71D56BB4230}.Debug|Any CPU.ActiveCfg = Debug|Any CPU
		{C980A51C-3324-44B2-ADE8-D71D56BB4230}.Debug|Any CPU.Build.0 = Debug|Any CPU
		{C980A51C-3324-44B2-ADE8-D71D56BB4230}.Release|Any CPU.ActiveCfg = Release|Any CPU
		{C980A51C-3324-44B2-ADE8-D71D56BB4230}.Release|Any CPU.Build.0 = Release|Any CPU
		{A1784F02-589D-41E2-9E51-186D14C596D6}.Debug|Any CPU.ActiveCfg = Debug|Any CPU
		{A1784F02-589D-41E2-9E51-186D14C596D6}.Debug|Any CPU.Build.0 = Debug|Any CPU
		{A1784F02-589D-41E2-9E51-186D14C596D6}.Release|Any CPU.ActiveCfg = Release|Any CPU
		{A1784F02-589D-41E2-9E51-186D14C596D6}.Release|Any CPU.Build.0 = Release|Any CPU
		{505B6516-5ED0-4186-821D-FAB5FABE97F0}.Debug|Any CPU.ActiveCfg = Debug|Any CPU
		{505B6516-5ED0-4186-821D-FAB5FABE97F0}.Debug|Any CPU.Build.0 = Debug|Any CPU
		{505B6516-5ED0-4186-821D-FAB5FABE97F0}.Release|Any CPU.ActiveCfg = Release|Any CPU
		{505B6516-5ED0-4186-821D-FAB5FABE97F0}.Release|Any CPU.Build.0 = Release|Any CPU
		{A58C4CC2-B080-45D8-9236-52DA9E5C6E3E}.Debug|Any CPU.ActiveCfg = Debug|Any CPU
		{A58C4CC2-B080-45D8-9236-52DA9E5C6E3E}.Debug|Any CPU.Build.0 = Debug|Any CPU
		{A58C4CC2-B080-45D8-9236-52DA9E5C6E3E}.Release|Any CPU.ActiveCfg = Release|Any CPU
		{A58C4CC2-B080-45D8-9236-52DA9E5C6E3E}.Release|Any CPU.Build.0 = Release|Any CPU
		{C5788C0C-8075-48FA-A606-2FB427F08947}.Debug|Any CPU.ActiveCfg = Debug|Any CPU
		{C5788C0C-8075-48FA-A606-2FB427F08947}.Debug|Any CPU.Build.0 = Debug|Any CPU
		{C5788C0C-8075-48FA-A606-2FB427F08947}.Release|Any CPU.ActiveCfg = Release|Any CPU
		{C5788C0C-8075-48FA-A606-2FB427F08947}.Release|Any CPU.Build.0 = Release|Any CPU
		{A9948471-9E64-49AF-BAE4-ABF60291E6F4}.Debug|Any CPU.ActiveCfg = Debug|Any CPU
		{A9948471-9E64-49AF-BAE4-ABF60291E6F4}.Debug|Any CPU.Build.0 = Debug|Any CPU
		{A9948471-9E64-49AF-BAE4-ABF60291E6F4}.Release|Any CPU.ActiveCfg = Release|Any CPU
		{A9948471-9E64-49AF-BAE4-ABF60291E6F4}.Release|Any CPU.Build.0 = Release|Any CPU
		{27C64A57-7593-44B8-BA8C-D8B5A2748D36}.Debug|Any CPU.ActiveCfg = Debug|Any CPU
		{27C64A57-7593-44B8-BA8C-D8B5A2748D36}.Debug|Any CPU.Build.0 = Debug|Any CPU
		{27C64A57-7593-44B8-BA8C-D8B5A2748D36}.Release|Any CPU.ActiveCfg = Release|Any CPU
		{27C64A57-7593-44B8-BA8C-D8B5A2748D36}.Release|Any CPU.Build.0 = Release|Any CPU
		{B8485827-F823-4030-93D7-A252EC8835BF}.Debug|Any CPU.ActiveCfg = Debug|Any CPU
		{B8485827-F823-4030-93D7-A252EC8835BF}.Debug|Any CPU.Build.0 = Debug|Any CPU
		{B8485827-F823-4030-93D7-A252EC8835BF}.Release|Any CPU.ActiveCfg = Release|Any CPU
		{B8485827-F823-4030-93D7-A252EC8835BF}.Release|Any CPU.Build.0 = Release|Any CPU
		{7A75848C-EB85-4514-8717-36D70852CF49}.Debug|Any CPU.ActiveCfg = Debug|Any CPU
		{7A75848C-EB85-4514-8717-36D70852CF49}.Debug|Any CPU.Build.0 = Debug|Any CPU
		{7A75848C-EB85-4514-8717-36D70852CF49}.Release|Any CPU.ActiveCfg = Release|Any CPU
		{7A75848C-EB85-4514-8717-36D70852CF49}.Release|Any CPU.Build.0 = Release|Any CPU
		{D422A445-3860-4F58-8FFE-3A9EFA8D6B06}.Debug|Any CPU.ActiveCfg = Debug|Any CPU
		{D422A445-3860-4F58-8FFE-3A9EFA8D6B06}.Debug|Any CPU.Build.0 = Debug|Any CPU
		{D422A445-3860-4F58-8FFE-3A9EFA8D6B06}.Release|Any CPU.ActiveCfg = Release|Any CPU
		{D422A445-3860-4F58-8FFE-3A9EFA8D6B06}.Release|Any CPU.Build.0 = Release|Any CPU
		{F72E675A-6084-476B-8B38-5419877E256E}.Debug|Any CPU.ActiveCfg = Debug|Any CPU
		{F72E675A-6084-476B-8B38-5419877E256E}.Debug|Any CPU.Build.0 = Debug|Any CPU
		{F72E675A-6084-476B-8B38-5419877E256E}.Release|Any CPU.ActiveCfg = Release|Any CPU
		{F72E675A-6084-476B-8B38-5419877E256E}.Release|Any CPU.Build.0 = Release|Any CPU
		{1591CBCD-5BA1-4D6D-8202-CB19473CE57C}.Debug|Any CPU.ActiveCfg = Debug|Any CPU
		{1591CBCD-5BA1-4D6D-8202-CB19473CE57C}.Debug|Any CPU.Build.0 = Debug|Any CPU
		{1591CBCD-5BA1-4D6D-8202-CB19473CE57C}.Release|Any CPU.ActiveCfg = Release|Any CPU
		{1591CBCD-5BA1-4D6D-8202-CB19473CE57C}.Release|Any CPU.Build.0 = Release|Any CPU
		{7FB305D4-E3A7-4C7D-923A-80208B1442AF}.Debug|Any CPU.ActiveCfg = Debug|Any CPU
		{7FB305D4-E3A7-4C7D-923A-80208B1442AF}.Debug|Any CPU.Build.0 = Debug|Any CPU
		{7FB305D4-E3A7-4C7D-923A-80208B1442AF}.Release|Any CPU.ActiveCfg = Release|Any CPU
		{7FB305D4-E3A7-4C7D-923A-80208B1442AF}.Release|Any CPU.Build.0 = Release|Any CPU
		{B024D62D-F553-47E4-97AB-49BD8366105E}.Debug|Any CPU.ActiveCfg = Debug|Any CPU
		{B024D62D-F553-47E4-97AB-49BD8366105E}.Debug|Any CPU.Build.0 = Debug|Any CPU
		{B024D62D-F553-47E4-97AB-49BD8366105E}.Release|Any CPU.ActiveCfg = Release|Any CPU
		{B024D62D-F553-47E4-97AB-49BD8366105E}.Release|Any CPU.Build.0 = Release|Any CPU
	EndGlobalSection
	GlobalSection(SolutionProperties) = preSolution
		HideSolutionNode = FALSE
	EndGlobalSection
	GlobalSection(NestedProjects) = preSolution
		{C570438A-0676-4FD4-B0F3-C72B907F32DA} = {C80A325F-F4C4-4C7B-A3CF-FB77CD8C9949}
		{C980A51C-3324-44B2-ADE8-D71D56BB4230} = {A239BFB0-9BA7-467C-AD41-405D0740633F}
		{A1784F02-589D-41E2-9E51-186D14C596D6} = {C80A325F-F4C4-4C7B-A3CF-FB77CD8C9949}
		{505B6516-5ED0-4186-821D-FAB5FABE97F0} = {C80A325F-F4C4-4C7B-A3CF-FB77CD8C9949}
		{A58C4CC2-B080-45D8-9236-52DA9E5C6E3E} = {C80A325F-F4C4-4C7B-A3CF-FB77CD8C9949}
		{C5788C0C-8075-48FA-A606-2FB427F08947} = {C80A325F-F4C4-4C7B-A3CF-FB77CD8C9949}
		{A9948471-9E64-49AF-BAE4-ABF60291E6F4} = {C80A325F-F4C4-4C7B-A3CF-FB77CD8C9949}
		{27C64A57-7593-44B8-BA8C-D8B5A2748D36} = {C80A325F-F4C4-4C7B-A3CF-FB77CD8C9949}
		{B8485827-F823-4030-93D7-A252EC8835BF} = {C80A325F-F4C4-4C7B-A3CF-FB77CD8C9949}
		{7A75848C-EB85-4514-8717-36D70852CF49} = {C80A325F-F4C4-4C7B-A3CF-FB77CD8C9949}
		{D422A445-3860-4F58-8FFE-3A9EFA8D6B06} = {C80A325F-F4C4-4C7B-A3CF-FB77CD8C9949}
		{F72E675A-6084-476B-8B38-5419877E256E} = {C80A325F-F4C4-4C7B-A3CF-FB77CD8C9949}
		{1591CBCD-5BA1-4D6D-8202-CB19473CE57C} = {C80A325F-F4C4-4C7B-A3CF-FB77CD8C9949}
		{7FB305D4-E3A7-4C7D-923A-80208B1442AF} = {C80A325F-F4C4-4C7B-A3CF-FB77CD8C9949}
		{B024D62D-F553-47E4-97AB-49BD8366105E} = {C80A325F-F4C4-4C7B-A3CF-FB77CD8C9949}
	EndGlobalSection
	GlobalSection(ExtensibilityGlobals) = postSolution
		SolutionGuid = {48F73B05-7D3D-4ACF-81AE-A98B2B4EFDB2}
	EndGlobalSection
EndGlobal
