
Microsoft Visual Studio Solution File, Format Version 12.00
# Visual Studio Version 18
VisualStudioVersion = 18.1.11312.151 d18.0
MinimumVisualStudioVersion = 10.0.40219.1
Project("{2150E333-8FDC-42A3-9474-1A3956D46DE8}") = "src", "src", "{C80A325F-F4C4-4C7B-A3CF-FB77CD8C9949}"
EndProject
Project("{2150E333-8FDC-42A3-9474-1A3956D46DE8}") = "test", "test", "{A239BFB0-9BA7-467C-AD41-405D0740633F}"
EndProject
Project("{9A19103F-16F7-4668-BE54-9A1E7A4F7556}") = "OrchardCoreContrib.Modules.Web", "src\OrchardCoreContrib.Modules.Web\OrchardCoreContrib.Modules.Web.csproj", "{C570438A-0676-4FD4-B0F3-C72B907F32DA}"
EndProject
Project("{9A19103F-16F7-4668-BE54-9A1E7A4F7556}") = "OrchardCoreContrib.Modules.Tests", "test\OrchardCoreContrib.Modules.Tests\OrchardCoreContrib.Modules.Tests.csproj", "{C980A51C-3324-44B2-ADE8-D71D56BB4230}"
EndProject
Project("{9A19103F-16F7-4668-BE54-9A1E7A4F7556}") = "OrchardCoreContrib.Users", "src\OrchardCoreContrib.Users\OrchardCoreContrib.Users.csproj", "{A1784F02-589D-41E2-9E51-186D14C596D6}"
EndProject
Project("{9A19103F-16F7-4668-BE54-9A1E7A4F7556}") = "OrchardCoreContrib.Email.Hotmail", "src\OrchardCoreContrib.Email.Hotmail\OrchardCoreContrib.Email.Hotmail.csproj", "{505B6516-5ED0-4186-821D-FAB5FABE97F0}"
EndProject
Project("{9A19103F-16F7-4668-BE54-9A1E7A4F7556}") = "OrchardCoreContrib.Email.Yahoo", "src\OrchardCoreContrib.Email.Yahoo\OrchardCoreContrib.Email.Yahoo.csproj", "{A58C4CC2-B080-45D8-9236-52DA9E5C6E3E}"
EndProject
Project("{9A19103F-16F7-4668-BE54-9A1E7A4F7556}") = "OrchardCoreContrib.Email.Gmail", "src\OrchardCoreContrib.Email.Gmail\OrchardCoreContrib.Email.Gmail.csproj", "{C5788C0C-8075-48FA-A606-2FB427F08947}"
EndProject
Project("{9A19103F-16F7-4668-BE54-9A1E7A4F7556}") = "OrchardCoreContrib.Gdpr", "src\OrchardCoreContrib.Gdpr\OrchardCoreContrib.Gdpr.csproj", "{A9948471-9E64-49AF-BAE4-ABF60291E6F4}"
EndProject
Project("{9A19103F-16F7-4668-BE54-9A1E7A4F7556}") = "OrchardCoreContrib.Email.SendGrid", "src\OrchardCoreContrib.Email.SendGrid\OrchardCoreContrib.Email.SendGrid.csproj", "{27C64A57-7593-44B8-BA8C-D8B5A2748D36}"
EndProject
Project("{9A19103F-16F7-4668-BE54-9A1E7A4F7556}") = "OrchardCoreContrib.ContentPreview", "src\OrchardCoreContrib.ContentPreview\OrchardCoreContrib.ContentPreview.csproj", "{B8485827-F823-4030-93D7-A252EC8835BF}"
EndProject
Project("{9A19103F-16F7-4668-BE54-9A1E7A4F7556}") = "OrchardCoreContrib.Apis.Swagger", "src\OrchardCoreContrib.Apis.Swagger\OrchardCoreContrib.Apis.Swagger.csproj", "{7A75848C-EB85-4514-8717-36D70852CF49}"
EndProject
Project("{9A19103F-16F7-4668-BE54-9A1E7A4F7556}") = "OrchardCoreContrib.Diagnostics.Elm", "src\OrchardCoreContrib.Diagnostics.Elm\OrchardCoreContrib.Diagnostics.Elm.csproj", "{D422A445-3860-4F58-8FFE-3A9EFA8D6B06}"
EndProject
Project("{9A19103F-16F7-4668-BE54-9A1E7A4F7556}") = "OrchardCoreContrib.DataLocalization", "src\OrchardCoreContrib.DataLocalization\OrchardCoreContrib.DataLocalization.csproj", "{F72E675A-6084-476B-8B38-5419877E256E}"
EndProject
Project("{9A19103F-16F7-4668-BE54-9A1E7A4F7556}") = "OrchardCoreContrib.Html", "src\OrchardCoreContrib.Html\OrchardCoreContrib.Html.csproj", "{1591CBCD-5BA1-4D6D-8202-CB19473CE57C}"
EndProject
Project("{9A19103F-16F7-4668-BE54-9A1E7A4F7556}") = "OrchardCoreContrib.ContentLocalization", "src\OrchardCoreContrib.ContentLocalization\OrchardCoreContrib.ContentLocalization.csproj", "{7FB305D4-E3A7-4C7D-923A-80208B1442AF}"
EndProject
Project("{9A19103F-16F7-4668-BE54-9A1E7A4F7556}") = "OrchardCoreContrib.GoogleMaps", "src\OrchardCoreContrib.GoogleMaps\OrchardCoreContrib.GoogleMaps.csproj", "{B024D62D-F553-47E4-97AB-49BD8366105E}"
EndProject
Project("{2150E333-8FDC-42A3-9474-1A3956D46DE8}") = "images", "images", "{D5CF1329-5ED3-436D-8DC1-FD341826C715}"
	ProjectSection(SolutionItems) = preProject
		images\icon.png = images\icon.png
	EndProjectSection
EndProject
Project("{9A19103F-16F7-4668-BE54-9A1E7A4F7556}") = "OrchardCoreContrib.Gravatar", "src\OrchardCoreContrib.Gravatar\OrchardCoreContrib.Gravatar.csproj", "{214BDD88-2D5A-4841-B309-1B0FC847D4D8}"
EndProject
Project("{9A19103F-16F7-4668-BE54-9A1E7A4F7556}") = "OrchardCoreContrib.ReverseProxy.Yarp", "src\OrchardCoreContrib.ReverseProxy.Yarp\OrchardCoreContrib.ReverseProxy.Yarp.csproj", "{D978523F-91E2-427B-AD83-2712AE27514A}"
EndProject
Project("{9A19103F-16F7-4668-BE54-9A1E7A4F7556}") = "OrchardCoreContrib.Tenants", "src\OrchardCoreContrib.Tenants\OrchardCoreContrib.Tenants.csproj", "{E7C1265B-34DC-469D-BB74-7E9C2ABAE7B2}"
EndProject
Project("{9A19103F-16F7-4668-BE54-9A1E7A4F7556}") = "OrchardCoreContrib.HealthChecks", "src\OrchardCoreContrib.HealthChecks\OrchardCoreContrib.HealthChecks.csproj", "{3F423B68-3A2E-4DF5-B82A-53C9B1E509A0}"
EndProject
Project("{9A19103F-16F7-4668-BE54-9A1E7A4F7556}") = "OrchardCoreContrib.System", "src\OrchardCoreContrib.System\OrchardCoreContrib.System.csproj", "{F675A009-CD42-495F-B866-FF917B3D4BDA}"
EndProject
Project("{9A19103F-16F7-4668-BE54-9A1E7A4F7556}") = "OrchardCoreContrib.Themes.Admin", "src\OrchardCoreContrib.Themes.Admin\OrchardCoreContrib.Themes.Admin.csproj", "{EF11652A-B9A2-4E5E-897E-16F26C4D6946}"
EndProject
Project("{9A19103F-16F7-4668-BE54-9A1E7A4F7556}") = "OrchardCoreContrib.Liquid", "src\OrchardCoreContrib.Liquid\OrchardCoreContrib.Liquid.csproj", "{8C49A05B-5D69-4222-9245-310E412E237E}"
EndProject
Project("{9A19103F-16F7-4668-BE54-9A1E7A4F7556}") = "OrchardCoreContrib.Sms.Azure", "src\OrchardCoreContrib.Sms.Azure\OrchardCoreContrib.Sms.Azure.csproj", "{47BE63E8-AECC-43E5-AC48-2E2835452402}"
EndProject
Project("{9A19103F-16F7-4668-BE54-9A1E7A4F7556}") = "OrchardCoreContrib.Garnet", "src\OrchardCoreContrib.Garnet\OrchardCoreContrib.Garnet.csproj", "{14666792-7A70-4ACF-9FAB-CC1435213052}"
EndProject
Project("{9A19103F-16F7-4668-BE54-9A1E7A4F7556}") = "OrchardCoreContrib.Garnet.Tests", "test\OrchardCoreContrib.Garnet.Tests\OrchardCoreContrib.Garnet.Tests.csproj", "{BE64AA1E-DDEF-405E-9004-6FF984DA6D71}"
EndProject
Project("{2150E333-8FDC-42A3-9474-1A3956D46DE8}") = "Solution Items", "Solution Items", "{37356003-54C7-47E7-ABBB-176036B611DA}"
	ProjectSection(SolutionItems) = preProject
		Directory.Build.props = Directory.Build.props
		Directory.Packages.props = Directory.Packages.props
	EndProjectSection
EndProject
Project("{FAE04EC0-301F-11D3-BF4B-00C04F79EFBC}") = "OrchardCoreContrib.ContentPermissions", "src\OrchardCoreContrib.ContentPermissions\OrchardCoreContrib.ContentPermissions.csproj", "{0BDB5C64-D4C3-454E-A54D-5F5A2169213B}"
EndProject
Project("{FAE04EC0-301F-11D3-BF4B-00C04F79EFBC}") = "OrchardCoreContrib.ContentPermissions.Tests", "test\OrchardCoreContrib.ContentPermissions.Tests\OrchardCoreContrib.ContentPermissions.Tests.csproj", "{2E878DD9-9D64-4EDF-A47C-7EBD71377AF0}"
EndProject
Project("{FAE04EC0-301F-11D3-BF4B-00C04F79EFBC}") = "OrchardCoreContrib.ViewCount", "src\OrchardCoreContrib.ViewCount\OrchardCoreContrib.ViewCount.csproj", "{330877B1-7BE6-4B57-8714-2DADE1C53563}"
EndProject
Project("{FAE04EC0-301F-11D3-BF4B-00C04F79EFBC}") = "OrchardCoreContrib.UserGroups", "src\OrchardCoreContrib.UserGroups\OrchardCoreContrib.UserGroups.csproj", "{C76B5687-3079-4E80-B7D2-B691F2B05A8A}"
EndProject
Project("{FAE04EC0-301F-11D3-BF4B-00C04F79EFBC}") = "OrchardCoreContrib.UserGroups.Tests", "test\OrchardCoreContrib.UserGroups.Tests\OrchardCoreContrib.UserGroups.Tests.csproj", "{689A006D-0992-456E-86C9-66B7A2EE06A5}"
EndProject
Project("{FAE04EC0-301F-11D3-BF4B-00C04F79EFBC}") = "OrchardCoreContrib.CloudflareTurnstile", "src\OrchardCoreContrib.CloudflareTurnstile\OrchardCoreContrib.CloudflareTurnstile.csproj", "{1CF93DCB-2DF2-4E42-A37E-744F38D347C5}"
EndProject
Global
	GlobalSection(SolutionConfigurationPlatforms) = preSolution
		Debug|Any CPU = Debug|Any CPU
		Release|Any CPU = Release|Any CPU
	EndGlobalSection
	GlobalSection(ProjectConfigurationPlatforms) = postSolution
		{C570438A-0676-4FD4-B0F3-C72B907F32DA}.Debug|Any CPU.ActiveCfg = Debug|Any CPU
		{C570438A-0676-4FD4-B0F3-C72B907F32DA}.Debug|Any CPU.Build.0 = Debug|Any CPU
		{C570438A-0676-4FD4-B0F3-C72B907F32DA}.Release|Any CPU.ActiveCfg = Release|Any CPU
		{C570438A-0676-4FD4-B0F3-C72B907F32DA}.Release|Any CPU.Build.0 = Release|Any CPU
		{C980A51C-3324-44B2-ADE8-D71D56BB4230}.Debug|Any CPU.ActiveCfg = Debug|Any CPU
		{C980A51C-3324-44B2-ADE8-D71D56BB4230}.Debug|Any CPU.Build.0 = Debug|Any CPU
		{C980A51C-3324-44B2-ADE8-D71D56BB4230}.Release|Any CPU.ActiveCfg = Release|Any CPU
		{C980A51C-3324-44B2-ADE8-D71D56BB4230}.Release|Any CPU.Build.0 = Release|Any CPU
		{A1784F02-589D-41E2-9E51-186D14C596D6}.Debug|Any CPU.ActiveCfg = Debug|Any CPU
		{A1784F02-589D-41E2-9E51-186D14C596D6}.Debug|Any CPU.Build.0 = Debug|Any CPU
		{A1784F02-589D-41E2-9E51-186D14C596D6}.Release|Any CPU.ActiveCfg = Release|Any CPU
		{A1784F02-589D-41E2-9E51-186D14C596D6}.Release|Any CPU.Build.0 = Release|Any CPU
		{505B6516-5ED0-4186-821D-FAB5FABE97F0}.Debug|Any CPU.ActiveCfg = Debug|Any CPU
		{505B6516-5ED0-4186-821D-FAB5FABE97F0}.Debug|Any CPU.Build.0 = Debug|Any CPU
		{505B6516-5ED0-4186-821D-FAB5FABE97F0}.Release|Any CPU.ActiveCfg = Release|Any CPU
		{505B6516-5ED0-4186-821D-FAB5FABE97F0}.Release|Any CPU.Build.0 = Release|Any CPU
		{A58C4CC2-B080-45D8-9236-52DA9E5C6E3E}.Debug|Any CPU.ActiveCfg = Debug|Any CPU
		{A58C4CC2-B080-45D8-9236-52DA9E5C6E3E}.Debug|Any CPU.Build.0 = Debug|Any CPU
		{A58C4CC2-B080-45D8-9236-52DA9E5C6E3E}.Release|Any CPU.ActiveCfg = Release|Any CPU
		{A58C4CC2-B080-45D8-9236-52DA9E5C6E3E}.Release|Any CPU.Build.0 = Release|Any CPU
		{C5788C0C-8075-48FA-A606-2FB427F08947}.Debug|Any CPU.ActiveCfg = Debug|Any CPU
		{C5788C0C-8075-48FA-A606-2FB427F08947}.Debug|Any CPU.Build.0 = Debug|Any CPU
		{C5788C0C-8075-48FA-A606-2FB427F08947}.Release|Any CPU.ActiveCfg = Release|Any CPU
		{C5788C0C-8075-48FA-A606-2FB427F08947}.Release|Any CPU.Build.0 = Release|Any CPU
		{A9948471-9E64-49AF-BAE4-ABF60291E6F4}.Debug|Any CPU.ActiveCfg = Debug|Any CPU
		{A9948471-9E64-49AF-BAE4-ABF60291E6F4}.Debug|Any CPU.Build.0 = Debug|Any CPU
		{A9948471-9E64-49AF-BAE4-ABF60291E6F4}.Release|Any CPU.ActiveCfg = Release|Any CPU
		{A9948471-9E64-49AF-BAE4-ABF60291E6F4}.Release|Any CPU.Build.0 = Release|Any CPU
		{27C64A57-7593-44B8-BA8C-D8B5A2748D36}.Debug|Any CPU.ActiveCfg = Debug|Any CPU
		{27C64A57-7593-44B8-BA8C-D8B5A2748D36}.Debug|Any CPU.Build.0 = Debug|Any CPU
		{27C64A57-7593-44B8-BA8C-D8B5A2748D36}.Release|Any CPU.ActiveCfg = Release|Any CPU
		{27C64A57-7593-44B8-BA8C-D8B5A2748D36}.Release|Any CPU.Build.0 = Release|Any CPU
		{B8485827-F823-4030-93D7-A252EC8835BF}.Debug|Any CPU.ActiveCfg = Debug|Any CPU
		{B8485827-F823-4030-93D7-A252EC8835BF}.Debug|Any CPU.Build.0 = Debug|Any CPU
		{B8485827-F823-4030-93D7-A252EC8835BF}.Release|Any CPU.ActiveCfg = Release|Any CPU
		{B8485827-F823-4030-93D7-A252EC8835BF}.Release|Any CPU.Build.0 = Release|Any CPU
		{7A75848C-EB85-4514-8717-36D70852CF49}.Debug|Any CPU.ActiveCfg = Debug|Any CPU
		{7A75848C-EB85-4514-8717-36D70852CF49}.Debug|Any CPU.Build.0 = Debug|Any CPU
		{7A75848C-EB85-4514-8717-36D70852CF49}.Release|Any CPU.ActiveCfg = Release|Any CPU
		{7A75848C-EB85-4514-8717-36D70852CF49}.Release|Any CPU.Build.0 = Release|Any CPU
		{D422A445-3860-4F58-8FFE-3A9EFA8D6B06}.Debug|Any CPU.ActiveCfg = Debug|Any CPU
		{D422A445-3860-4F58-8FFE-3A9EFA8D6B06}.Debug|Any CPU.Build.0 = Debug|Any CPU
		{D422A445-3860-4F58-8FFE-3A9EFA8D6B06}.Release|Any CPU.ActiveCfg = Release|Any CPU
		{D422A445-3860-4F58-8FFE-3A9EFA8D6B06}.Release|Any CPU.Build.0 = Release|Any CPU
		{F72E675A-6084-476B-8B38-5419877E256E}.Debug|Any CPU.ActiveCfg = Debug|Any CPU
		{F72E675A-6084-476B-8B38-5419877E256E}.Debug|Any CPU.Build.0 = Debug|Any CPU
		{F72E675A-6084-476B-8B38-5419877E256E}.Release|Any CPU.ActiveCfg = Release|Any CPU
		{F72E675A-6084-476B-8B38-5419877E256E}.Release|Any CPU.Build.0 = Release|Any CPU
		{1591CBCD-5BA1-4D6D-8202-CB19473CE57C}.Debug|Any CPU.ActiveCfg = Debug|Any CPU
		{1591CBCD-5BA1-4D6D-8202-CB19473CE57C}.Debug|Any CPU.Build.0 = Debug|Any CPU
		{1591CBCD-5BA1-4D6D-8202-CB19473CE57C}.Release|Any CPU.ActiveCfg = Release|Any CPU
		{1591CBCD-5BA1-4D6D-8202-CB19473CE57C}.Release|Any CPU.Build.0 = Release|Any CPU
		{7FB305D4-E3A7-4C7D-923A-80208B1442AF}.Debug|Any CPU.ActiveCfg = Debug|Any CPU
		{7FB305D4-E3A7-4C7D-923A-80208B1442AF}.Debug|Any CPU.Build.0 = Debug|Any CPU
		{7FB305D4-E3A7-4C7D-923A-80208B1442AF}.Release|Any CPU.ActiveCfg = Release|Any CPU
		{7FB305D4-E3A7-4C7D-923A-80208B1442AF}.Release|Any CPU.Build.0 = Release|Any CPU
		{B024D62D-F553-47E4-97AB-49BD8366105E}.Debug|Any CPU.ActiveCfg = Debug|Any CPU
		{B024D62D-F553-47E4-97AB-49BD8366105E}.Debug|Any CPU.Build.0 = Debug|Any CPU
		{B024D62D-F553-47E4-97AB-49BD8366105E}.Release|Any CPU.ActiveCfg = Release|Any CPU
		{B024D62D-F553-47E4-97AB-49BD8366105E}.Release|Any CPU.Build.0 = Release|Any CPU
		{214BDD88-2D5A-4841-B309-1B0FC847D4D8}.Debug|Any CPU.ActiveCfg = Debug|Any CPU
		{214BDD88-2D5A-4841-B309-1B0FC847D4D8}.Debug|Any CPU.Build.0 = Debug|Any CPU
		{214BDD88-2D5A-4841-B309-1B0FC847D4D8}.Release|Any CPU.ActiveCfg = Release|Any CPU
		{214BDD88-2D5A-4841-B309-1B0FC847D4D8}.Release|Any CPU.Build.0 = Release|Any CPU
		{D978523F-91E2-427B-AD83-2712AE27514A}.Debug|Any CPU.ActiveCfg = Debug|Any CPU
		{D978523F-91E2-427B-AD83-2712AE27514A}.Debug|Any CPU.Build.0 = Debug|Any CPU
		{D978523F-91E2-427B-AD83-2712AE27514A}.Release|Any CPU.ActiveCfg = Release|Any CPU
		{D978523F-91E2-427B-AD83-2712AE27514A}.Release|Any CPU.Build.0 = Release|Any CPU
		{E7C1265B-34DC-469D-BB74-7E9C2ABAE7B2}.Debug|Any CPU.ActiveCfg = Debug|Any CPU
		{E7C1265B-34DC-469D-BB74-7E9C2ABAE7B2}.Debug|Any CPU.Build.0 = Debug|Any CPU
		{E7C1265B-34DC-469D-BB74-7E9C2ABAE7B2}.Release|Any CPU.ActiveCfg = Release|Any CPU
		{E7C1265B-34DC-469D-BB74-7E9C2ABAE7B2}.Release|Any CPU.Build.0 = Release|Any CPU
		{3F423B68-3A2E-4DF5-B82A-53C9B1E509A0}.Debug|Any CPU.ActiveCfg = Debug|Any CPU
		{3F423B68-3A2E-4DF5-B82A-53C9B1E509A0}.Debug|Any CPU.Build.0 = Debug|Any CPU
		{3F423B68-3A2E-4DF5-B82A-53C9B1E509A0}.Release|Any CPU.ActiveCfg = Release|Any CPU
		{3F423B68-3A2E-4DF5-B82A-53C9B1E509A0}.Release|Any CPU.Build.0 = Release|Any CPU
		{F675A009-CD42-495F-B866-FF917B3D4BDA}.Debug|Any CPU.ActiveCfg = Debug|Any CPU
		{F675A009-CD42-495F-B866-FF917B3D4BDA}.Debug|Any CPU.Build.0 = Debug|Any CPU
		{F675A009-CD42-495F-B866-FF917B3D4BDA}.Release|Any CPU.ActiveCfg = Release|Any CPU
		{F675A009-CD42-495F-B866-FF917B3D4BDA}.Release|Any CPU.Build.0 = Release|Any CPU
		{EF11652A-B9A2-4E5E-897E-16F26C4D6946}.Debug|Any CPU.ActiveCfg = Debug|Any CPU
		{EF11652A-B9A2-4E5E-897E-16F26C4D6946}.Debug|Any CPU.Build.0 = Debug|Any CPU
		{EF11652A-B9A2-4E5E-897E-16F26C4D6946}.Release|Any CPU.ActiveCfg = Release|Any CPU
		{EF11652A-B9A2-4E5E-897E-16F26C4D6946}.Release|Any CPU.Build.0 = Release|Any CPU
		{8C49A05B-5D69-4222-9245-310E412E237E}.Debug|Any CPU.ActiveCfg = Debug|Any CPU
		{8C49A05B-5D69-4222-9245-310E412E237E}.Debug|Any CPU.Build.0 = Debug|Any CPU
		{8C49A05B-5D69-4222-9245-310E412E237E}.Release|Any CPU.ActiveCfg = Release|Any CPU
		{8C49A05B-5D69-4222-9245-310E412E237E}.Release|Any CPU.Build.0 = Release|Any CPU
		{47BE63E8-AECC-43E5-AC48-2E2835452402}.Debug|Any CPU.ActiveCfg = Debug|Any CPU
		{47BE63E8-AECC-43E5-AC48-2E2835452402}.Debug|Any CPU.Build.0 = Debug|Any CPU
		{47BE63E8-AECC-43E5-AC48-2E2835452402}.Release|Any CPU.ActiveCfg = Release|Any CPU
		{47BE63E8-AECC-43E5-AC48-2E2835452402}.Release|Any CPU.Build.0 = Release|Any CPU
		{14666792-7A70-4ACF-9FAB-CC1435213052}.Debug|Any CPU.ActiveCfg = Debug|Any CPU
		{14666792-7A70-4ACF-9FAB-CC1435213052}.Debug|Any CPU.Build.0 = Debug|Any CPU
		{14666792-7A70-4ACF-9FAB-CC1435213052}.Release|Any CPU.ActiveCfg = Release|Any CPU
		{14666792-7A70-4ACF-9FAB-CC1435213052}.Release|Any CPU.Build.0 = Release|Any CPU
		{BE64AA1E-DDEF-405E-9004-6FF984DA6D71}.Debug|Any CPU.ActiveCfg = Debug|Any CPU
		{BE64AA1E-DDEF-405E-9004-6FF984DA6D71}.Debug|Any CPU.Build.0 = Debug|Any CPU
		{BE64AA1E-DDEF-405E-9004-6FF984DA6D71}.Release|Any CPU.ActiveCfg = Release|Any CPU
		{BE64AA1E-DDEF-405E-9004-6FF984DA6D71}.Release|Any CPU.Build.0 = Release|Any CPU
		{0BDB5C64-D4C3-454E-A54D-5F5A2169213B}.Debug|Any CPU.ActiveCfg = Debug|Any CPU
		{0BDB5C64-D4C3-454E-A54D-5F5A2169213B}.Debug|Any CPU.Build.0 = Debug|Any CPU
		{0BDB5C64-D4C3-454E-A54D-5F5A2169213B}.Release|Any CPU.ActiveCfg = Release|Any CPU
		{0BDB5C64-D4C3-454E-A54D-5F5A2169213B}.Release|Any CPU.Build.0 = Release|Any CPU
		{2E878DD9-9D64-4EDF-A47C-7EBD71377AF0}.Debug|Any CPU.ActiveCfg = Debug|Any CPU
		{2E878DD9-9D64-4EDF-A47C-7EBD71377AF0}.Debug|Any CPU.Build.0 = Debug|Any CPU
		{2E878DD9-9D64-4EDF-A47C-7EBD71377AF0}.Release|Any CPU.ActiveCfg = Release|Any CPU
		{2E878DD9-9D64-4EDF-A47C-7EBD71377AF0}.Release|Any CPU.Build.0 = Release|Any CPU
		{330877B1-7BE6-4B57-8714-2DADE1C53563}.Debug|Any CPU.ActiveCfg = Debug|Any CPU
		{330877B1-7BE6-4B57-8714-2DADE1C53563}.Debug|Any CPU.Build.0 = Debug|Any CPU
		{330877B1-7BE6-4B57-8714-2DADE1C53563}.Release|Any CPU.ActiveCfg = Release|Any CPU
		{330877B1-7BE6-4B57-8714-2DADE1C53563}.Release|Any CPU.Build.0 = Release|Any CPU
		{C76B5687-3079-4E80-B7D2-B691F2B05A8A}.Debug|Any CPU.ActiveCfg = Debug|Any CPU
		{C76B5687-3079-4E80-B7D2-B691F2B05A8A}.Debug|Any CPU.Build.0 = Debug|Any CPU
		{C76B5687-3079-4E80-B7D2-B691F2B05A8A}.Release|Any CPU.ActiveCfg = Release|Any CPU
		{C76B5687-3079-4E80-B7D2-B691F2B05A8A}.Release|Any CPU.Build.0 = Release|Any CPU
		{689A006D-0992-456E-86C9-66B7A2EE06A5}.Debug|Any CPU.ActiveCfg = Debug|Any CPU
		{689A006D-0992-456E-86C9-66B7A2EE06A5}.Debug|Any CPU.Build.0 = Debug|Any CPU
		{689A006D-0992-456E-86C9-66B7A2EE06A5}.Release|Any CPU.ActiveCfg = Release|Any CPU
		{689A006D-0992-456E-86C9-66B7A2EE06A5}.Release|Any CPU.Build.0 = Release|Any CPU
		{1CF93DCB-2DF2-4E42-A37E-744F38D347C5}.Debug|Any CPU.ActiveCfg = Debug|Any CPU
		{1CF93DCB-2DF2-4E42-A37E-744F38D347C5}.Debug|Any CPU.Build.0 = Debug|Any CPU
		{1CF93DCB-2DF2-4E42-A37E-744F38D347C5}.Release|Any CPU.ActiveCfg = Release|Any CPU
		{1CF93DCB-2DF2-4E42-A37E-744F38D347C5}.Release|Any CPU.Build.0 = Release|Any CPU
	EndGlobalSection
	GlobalSection(SolutionProperties) = preSolution
		HideSolutionNode = FALSE
	EndGlobalSection
	GlobalSection(NestedProjects) = preSolution
		{C570438A-0676-4FD4-B0F3-C72B907F32DA} = {C80A325F-F4C4-4C7B-A3CF-FB77CD8C9949}
		{C980A51C-3324-44B2-ADE8-D71D56BB4230} = {A239BFB0-9BA7-467C-AD41-405D0740633F}
		{A1784F02-589D-41E2-9E51-186D14C596D6} = {C80A325F-F4C4-4C7B-A3CF-FB77CD8C9949}
		{505B6516-5ED0-4186-821D-FAB5FABE97F0} = {C80A325F-F4C4-4C7B-A3CF-FB77CD8C9949}
		{A58C4CC2-B080-45D8-9236-52DA9E5C6E3E} = {C80A325F-F4C4-4C7B-A3CF-FB77CD8C9949}
		{C5788C0C-8075-48FA-A606-2FB427F08947} = {C80A325F-F4C4-4C7B-A3CF-FB77CD8C9949}
		{A9948471-9E64-49AF-BAE4-ABF60291E6F4} = {C80A325F-F4C4-4C7B-A3CF-FB77CD8C9949}
		{27C64A57-7593-44B8-BA8C-D8B5A2748D36} = {C80A325F-F4C4-4C7B-A3CF-FB77CD8C9949}
		{B8485827-F823-4030-93D7-A252EC8835BF} = {C80A325F-F4C4-4C7B-A3CF-FB77CD8C9949}
		{7A75848C-EB85-4514-8717-36D70852CF49} = {C80A325F-F4C4-4C7B-A3CF-FB77CD8C9949}
		{D422A445-3860-4F58-8FFE-3A9EFA8D6B06} = {C80A325F-F4C4-4C7B-A3CF-FB77CD8C9949}
		{F72E675A-6084-476B-8B38-5419877E256E} = {C80A325F-F4C4-4C7B-A3CF-FB77CD8C9949}
		{1591CBCD-5BA1-4D6D-8202-CB19473CE57C} = {C80A325F-F4C4-4C7B-A3CF-FB77CD8C9949}
		{7FB305D4-E3A7-4C7D-923A-80208B1442AF} = {C80A325F-F4C4-4C7B-A3CF-FB77CD8C9949}
		{B024D62D-F553-47E4-97AB-49BD8366105E} = {C80A325F-F4C4-4C7B-A3CF-FB77CD8C9949}
		{214BDD88-2D5A-4841-B309-1B0FC847D4D8} = {C80A325F-F4C4-4C7B-A3CF-FB77CD8C9949}
		{D978523F-91E2-427B-AD83-2712AE27514A} = {C80A325F-F4C4-4C7B-A3CF-FB77CD8C9949}
		{E7C1265B-34DC-469D-BB74-7E9C2ABAE7B2} = {C80A325F-F4C4-4C7B-A3CF-FB77CD8C9949}
		{3F423B68-3A2E-4DF5-B82A-53C9B1E509A0} = {C80A325F-F4C4-4C7B-A3CF-FB77CD8C9949}
		{F675A009-CD42-495F-B866-FF917B3D4BDA} = {C80A325F-F4C4-4C7B-A3CF-FB77CD8C9949}
		{EF11652A-B9A2-4E5E-897E-16F26C4D6946} = {C80A325F-F4C4-4C7B-A3CF-FB77CD8C9949}
		{8C49A05B-5D69-4222-9245-310E412E237E} = {C80A325F-F4C4-4C7B-A3CF-FB77CD8C9949}
		{47BE63E8-AECC-43E5-AC48-2E2835452402} = {C80A325F-F4C4-4C7B-A3CF-FB77CD8C9949}
		{14666792-7A70-4ACF-9FAB-CC1435213052} = {C80A325F-F4C4-4C7B-A3CF-FB77CD8C9949}
		{BE64AA1E-DDEF-405E-9004-6FF984DA6D71} = {A239BFB0-9BA7-467C-AD41-405D0740633F}
		{0BDB5C64-D4C3-454E-A54D-5F5A2169213B} = {C80A325F-F4C4-4C7B-A3CF-FB77CD8C9949}
		{2E878DD9-9D64-4EDF-A47C-7EBD71377AF0} = {A239BFB0-9BA7-467C-AD41-405D0740633F}
		{330877B1-7BE6-4B57-8714-2DADE1C53563} = {C80A325F-F4C4-4C7B-A3CF-FB77CD8C9949}
		{C76B5687-3079-4E80-B7D2-B691F2B05A8A} = {C80A325F-F4C4-4C7B-A3CF-FB77CD8C9949}
		{689A006D-0992-456E-86C9-66B7A2EE06A5} = {A239BFB0-9BA7-467C-AD41-405D0740633F}
		{1CF93DCB-2DF2-4E42-A37E-744F38D347C5} = {C80A325F-F4C4-4C7B-A3CF-FB77CD8C9949}
	EndGlobalSection
	GlobalSection(ExtensibilityGlobals) = postSolution
		SolutionGuid = {48F73B05-7D3D-4ACF-81AE-A98B2B4EFDB2}
	EndGlobalSection
EndGlobal
