
Microsoft Visual Studio Solution File, Format Version 12.00
# Visual Studio Version 17
VisualStudioVersion = 17.0.31912.275
MinimumVisualStudioVersion = 10.0.40219.1
Project("{2150E333-8FDC-42A3-9474-1A3956D46DE8}") = "src", "src", "{9E0FA124-27DA-447A-9C52-AD92A3AE3679}"
EndProject
Project("{2150E333-8FDC-42A3-9474-1A3956D46DE8}") = "test", "test", "{5A96E9D7-10C5-4947-BE3D-3275A28C371D}"
EndProject
Project("{9A19103F-16F7-4668-BE54-9A1E7A4F7556}") = "OrchardCoreContrib.Abstractions", "src\OrchardCoreContrib.Abstractions\OrchardCoreContrib.Abstractions.csproj", "{53BF3101-B18E-4E8A-9F9B-809527D38340}"
EndProject
Project("{9A19103F-16F7-4668-BE54-9A1E7A4F7556}") = "OrchardCoreContrib", "src\OrchardCoreContrib\OrchardCoreContrib.csproj", "{6E2B2B63-51A6-4BBC-B5E3-BE3E242AF0AC}"
EndProject
Project("{9A19103F-16F7-4668-BE54-9A1E7A4F7556}") = "OrchardCoreContrib.Tests", "test\OrchardCoreContrib.Tests\OrchardCoreContrib.Tests.csproj", "{95EF2553-0058-4645-89D3-57A1B23746EF}"
EndProject
Project("{9A19103F-16F7-4668-BE54-9A1E7A4F7556}") = "OrchardCoreContrib.Web", "src\OrchardCoreContrib.Web\OrchardCoreContrib.Web.csproj", "{FF8BE49B-9030-414A-B938-A72C727B674E}"
EndProject
Project("{9A19103F-16F7-4668-BE54-9A1E7A4F7556}") = "OrchardCoreContrib.Sms.Abstractions", "src\OrchardCoreContrib.Sms.Abstractions\OrchardCoreContrib.Sms.Abstractions.csproj", "{DFCD9926-BB6C-4D8A-8339-B55C319014A3}"
EndProject
Project("{9A19103F-16F7-4668-BE54-9A1E7A4F7556}") = "OrchardCoreContrib.Infrastructure.Abstractions", "src\OrchardCoreContrib.Infrastructure.Abstractions\OrchardCoreContrib.Infrastructure.Abstractions.csproj", "{073AF713-4220-4033-A8DC-88290068B79D}"
EndProject
Project("{9A19103F-16F7-4668-BE54-9A1E7A4F7556}") = "OrchardCoreContrib.Localization.Json", "src\OrchardCoreContrib.Localization.Json\OrchardCoreContrib.Localization.Json.csproj", "{9AD3EB26-7D7F-4D18-8E86-DFB52A16E470}"
EndProject
Project("{9A19103F-16F7-4668-BE54-9A1E7A4F7556}") = "OrchardCoreContrib.Localization.Abstractions", "src\OrchardCoreContrib.Localization.Abstractions\OrchardCoreContrib.Localization.Abstractions.csproj", "{54351EF0-098F-439C-AF22-FA9B211C5CCD}"
EndProject
Project("{9A19103F-16F7-4668-BE54-9A1E7A4F7556}") = "OrchardCoreContrib.Shortcodes.Abstractions", "src\OrchardCoreContrib.Shortcodes.Abstractions\OrchardCoreContrib.Shortcodes.Abstractions.csproj", "{1CF070DC-6C90-4B10-9969-9386109722F0}"
EndProject
Project("{9A19103F-16F7-4668-BE54-9A1E7A4F7556}") = "OrchardCoreContrib.Shortcodes.Core", "src\OrchardCoreContrib.Shortcodes.Core\OrchardCoreContrib.Shortcodes.Core.csproj", "{396D4CEA-4978-4891-BC6D-D016897240E2}"
EndProject
Project("{9A19103F-16F7-4668-BE54-9A1E7A4F7556}") = "OrchardCoreContrib.Linq", "src\OrchardCoreContrib.Linq\OrchardCoreContrib.Linq.csproj", "{CE387146-3419-42B2-9F40-3E20010E5A17}"
EndProject
Project("{9A19103F-16F7-4668-BE54-9A1E7A4F7556}") = "OrchardCoreContrib.Localization", "src\OrchardCoreContrib.Localization\OrchardCoreContrib.Localization.csproj", "{ACFB6121-CFA9-4FB6-B8A8-B303A0409E9D}"
EndProject
Project("{9A19103F-16F7-4668-BE54-9A1E7A4F7556}") = "OrchardCoreContrib.OpenApi.Abstractions", "src\OrchardCoreContrib.OpenApi.Abstractions\OrchardCoreContrib.OpenApi.Abstractions.csproj", "{6E64D8CA-C65F-445C-9DB6-26FD2A426C8C}"
EndProject
Global
	GlobalSection(SolutionConfigurationPlatforms) = preSolution
		Debug|Any CPU = Debug|Any CPU
		Release|Any CPU = Release|Any CPU
	EndGlobalSection
	GlobalSection(ProjectConfigurationPlatforms) = postSolution
		{53BF3101-B18E-4E8A-9F9B-809527D38340}.Debug|Any CPU.ActiveCfg = Debug|Any CPU
		{53BF3101-B18E-4E8A-9F9B-809527D38340}.Debug|Any CPU.Build.0 = Debug|Any CPU
		{53BF3101-B18E-4E8A-9F9B-809527D38340}.Release|Any CPU.ActiveCfg = Release|Any CPU
		{53BF3101-B18E-4E8A-9F9B-809527D38340}.Release|Any CPU.Build.0 = Release|Any CPU
		{6E2B2B63-51A6-4BBC-B5E3-BE3E242AF0AC}.Debug|Any CPU.ActiveCfg = Debug|Any CPU
		{6E2B2B63-51A6-4BBC-B5E3-BE3E242AF0AC}.Debug|Any CPU.Build.0 = Debug|Any CPU
		{6E2B2B63-51A6-4BBC-B5E3-BE3E242AF0AC}.Release|Any CPU.ActiveCfg = Release|Any CPU
		{6E2B2B63-51A6-4BBC-B5E3-BE3E242AF0AC}.Release|Any CPU.Build.0 = Release|Any CPU
		{95EF2553-0058-4645-89D3-57A1B23746EF}.Debug|Any CPU.ActiveCfg = Debug|Any CPU
		{95EF2553-0058-4645-89D3-57A1B23746EF}.Debug|Any CPU.Build.0 = Debug|Any CPU
		{95EF2553-0058-4645-89D3-57A1B23746EF}.Release|Any CPU.ActiveCfg = Release|Any CPU
		{95EF2553-0058-4645-89D3-57A1B23746EF}.Release|Any CPU.Build.0 = Release|Any CPU
		{FF8BE49B-9030-414A-B938-A72C727B674E}.Debug|Any CPU.ActiveCfg = Debug|Any CPU
		{FF8BE49B-9030-414A-B938-A72C727B674E}.Debug|Any CPU.Build.0 = Debug|Any CPU
		{FF8BE49B-9030-414A-B938-A72C727B674E}.Release|Any CPU.ActiveCfg = Release|Any CPU
		{FF8BE49B-9030-414A-B938-A72C727B674E}.Release|Any CPU.Build.0 = Release|Any CPU
		{DFCD9926-BB6C-4D8A-8339-B55C319014A3}.Debug|Any CPU.ActiveCfg = Debug|Any CPU
		{DFCD9926-BB6C-4D8A-8339-B55C319014A3}.Debug|Any CPU.Build.0 = Debug|Any CPU
		{DFCD9926-BB6C-4D8A-8339-B55C319014A3}.Release|Any CPU.ActiveCfg = Release|Any CPU
		{DFCD9926-BB6C-4D8A-8339-B55C319014A3}.Release|Any CPU.Build.0 = Release|Any CPU
		{073AF713-4220-4033-A8DC-88290068B79D}.Debug|Any CPU.ActiveCfg = Debug|Any CPU
		{073AF713-4220-4033-A8DC-88290068B79D}.Debug|Any CPU.Build.0 = Debug|Any CPU
		{073AF713-4220-4033-A8DC-88290068B79D}.Release|Any CPU.ActiveCfg = Release|Any CPU
		{073AF713-4220-4033-A8DC-88290068B79D}.Release|Any CPU.Build.0 = Release|Any CPU
		{9AD3EB26-7D7F-4D18-8E86-DFB52A16E470}.Debug|Any CPU.ActiveCfg = Debug|Any CPU
		{9AD3EB26-7D7F-4D18-8E86-DFB52A16E470}.Debug|Any CPU.Build.0 = Debug|Any CPU
		{9AD3EB26-7D7F-4D18-8E86-DFB52A16E470}.Release|Any CPU.ActiveCfg = Release|Any CPU
		{9AD3EB26-7D7F-4D18-8E86-DFB52A16E470}.Release|Any CPU.Build.0 = Release|Any CPU
		{54351EF0-098F-439C-AF22-FA9B211C5CCD}.Debug|Any CPU.ActiveCfg = Debug|Any CPU
		{54351EF0-098F-439C-AF22-FA9B211C5CCD}.Debug|Any CPU.Build.0 = Debug|Any CPU
		{54351EF0-098F-439C-AF22-FA9B211C5CCD}.Release|Any CPU.ActiveCfg = Release|Any CPU
		{54351EF0-098F-439C-AF22-FA9B211C5CCD}.Release|Any CPU.Build.0 = Release|Any CPU
		{1CF070DC-6C90-4B10-9969-9386109722F0}.Debug|Any CPU.ActiveCfg = Debug|Any CPU
		{1CF070DC-6C90-4B10-9969-9386109722F0}.Debug|Any CPU.Build.0 = Debug|Any CPU
		{1CF070DC-6C90-4B10-9969-9386109722F0}.Release|Any CPU.ActiveCfg = Release|Any CPU
		{1CF070DC-6C90-4B10-9969-9386109722F0}.Release|Any CPU.Build.0 = Release|Any CPU
		{396D4CEA-4978-4891-BC6D-D016897240E2}.Debug|Any CPU.ActiveCfg = Debug|Any CPU
		{396D4CEA-4978-4891-BC6D-D016897240E2}.Debug|Any CPU.Build.0 = Debug|Any CPU
		{396D4CEA-4978-4891-BC6D-D016897240E2}.Release|Any CPU.ActiveCfg = Release|Any CPU
		{396D4CEA-4978-4891-BC6D-D016897240E2}.Release|Any CPU.Build.0 = Release|Any CPU
		{CE387146-3419-42B2-9F40-3E20010E5A17}.Debug|Any CPU.ActiveCfg = Debug|Any CPU
		{CE387146-3419-42B2-9F40-3E20010E5A17}.Debug|Any CPU.Build.0 = Debug|Any CPU
		{CE387146-3419-42B2-9F40-3E20010E5A17}.Release|Any CPU.ActiveCfg = Release|Any CPU
		{CE387146-3419-42B2-9F40-3E20010E5A17}.Release|Any CPU.Build.0 = Release|Any CPU
		{ACFB6121-CFA9-4FB6-B8A8-B303A0409E9D}.Debug|Any CPU.ActiveCfg = Debug|Any CPU
		{ACFB6121-CFA9-4FB6-B8A8-B303A0409E9D}.Debug|Any CPU.Build.0 = Debug|Any CPU
		{ACFB6121-CFA9-4FB6-B8A8-B303A0409E9D}.Release|Any CPU.ActiveCfg = Release|Any CPU
		{ACFB6121-CFA9-4FB6-B8A8-B303A0409E9D}.Release|Any CPU.Build.0 = Release|Any CPU
		{6E64D8CA-C65F-445C-9DB6-26FD2A426C8C}.Debug|Any CPU.ActiveCfg = Debug|Any CPU
		{6E64D8CA-C65F-445C-9DB6-26FD2A426C8C}.Debug|Any CPU.Build.0 = Debug|Any CPU
		{6E64D8CA-C65F-445C-9DB6-26FD2A426C8C}.Release|Any CPU.ActiveCfg = Release|Any CPU
		{6E64D8CA-C65F-445C-9DB6-26FD2A426C8C}.Release|Any CPU.Build.0 = Release|Any CPU
	EndGlobalSection
	GlobalSection(SolutionProperties) = preSolution
		HideSolutionNode = FALSE
	EndGlobalSection
	GlobalSection(NestedProjects) = preSolution
		{53BF3101-B18E-4E8A-9F9B-809527D38340} = {9E0FA124-27DA-447A-9C52-AD92A3AE3679}
		{6E2B2B63-51A6-4BBC-B5E3-BE3E242AF0AC} = {9E0FA124-27DA-447A-9C52-AD92A3AE3679}
		{95EF2553-0058-4645-89D3-57A1B23746EF} = {5A96E9D7-10C5-4947-BE3D-3275A28C371D}
		{FF8BE49B-9030-414A-B938-A72C727B674E} = {9E0FA124-27DA-447A-9C52-AD92A3AE3679}
		{DFCD9926-BB6C-4D8A-8339-B55C319014A3} = {9E0FA124-27DA-447A-9C52-AD92A3AE3679}
		{073AF713-4220-4033-A8DC-88290068B79D} = {9E0FA124-27DA-447A-9C52-AD92A3AE3679}
		{9AD3EB26-7D7F-4D18-8E86-DFB52A16E470} = {9E0FA124-27DA-447A-9C52-AD92A3AE3679}
		{54351EF0-098F-439C-AF22-FA9B211C5CCD} = {9E0FA124-27DA-447A-9C52-AD92A3AE3679}
		{1CF070DC-6C90-4B10-9969-9386109722F0} = {9E0FA124-27DA-447A-9C52-AD92A3AE3679}
		{396D4CEA-4978-4891-BC6D-D016897240E2} = {9E0FA124-27DA-447A-9C52-AD92A3AE3679}
		{CE387146-3419-42B2-9F40-3E20010E5A17} = {9E0FA124-27DA-447A-9C52-AD92A3AE3679}
		{ACFB6121-CFA9-4FB6-B8A8-B303A0409E9D} = {9E0FA124-27DA-447A-9C52-AD92A3AE3679}
		{6E64D8CA-C65F-445C-9DB6-26FD2A426C8C} = {9E0FA124-27DA-447A-9C52-AD92A3AE3679}
	EndGlobalSection
	GlobalSection(ExtensibilityGlobals) = postSolution
		SolutionGuid = {82D49E76-A63E-465D-B527-C20110460A14}
	EndGlobalSection
EndGlobal
